
Microsoft Visual Studio Solution File, Format Version 12.00
# Visual Studio Version 17
VisualStudioVersion = 17.9.34728.123
MinimumVisualStudioVersion = 10.0.40219.1
Project("{2150E333-8FDC-42A3-9474-1A3956D46DE8}") = "Services", "Services", "{ACF1A1DE-C59C-413E-BDC1-8D188416BC6F}"
EndProject
Project("{2150E333-8FDC-42A3-9474-1A3956D46DE8}") = "Catalog", "Catalog", "{BDA4245A-ADF7-494A-AC36-DADB3C31308A}"
EndProject
Project("{9A19103F-16F7-4668-BE54-9A1E7A4F7556}") = "Catalog.API", "Services\Catalog\Catalog.API\Catalog.API.csproj", "{84237322-283C-4237-8149-057DAF5E4A7B}"
EndProject
Project("{2150E333-8FDC-42A3-9474-1A3956D46DE8}") = "BuildingBlocks", "BuildingBlocks", "{FC6E6F96-A422-47B1-9577-083059C8FDE2}"
EndProject
Project("{9A19103F-16F7-4668-BE54-9A1E7A4F7556}") = "BuildingBlocks", "BuildingBlocks\BuildingBlocks\BuildingBlocks.csproj", "{76DA1607-C76E-4D81-8F68-E8DB331F55BC}"
EndProject
Project("{2150E333-8FDC-42A3-9474-1A3956D46DE8}") = "Solution Items", "Solution Items", "{BAA7A784-DB34-4ABA-98B9-F3F2DF4E9536}"
	ProjectSection(SolutionItems) = preProject
		docker-compose.yaml = docker-compose.yaml
	EndProjectSection
EndProject
Project("{2150E333-8FDC-42A3-9474-1A3956D46DE8}") = "Tests", "Tests", "{A2636EE0-E2C4-4943-B612-A95DBBF8237A}"
EndProject
Project("{9A19103F-16F7-4668-BE54-9A1E7A4F7556}") = "Catalog.API.Tests", "Tests\Catalog\Catalog.API\Catalog.API.Tests.csproj", "{9C2EA0E5-0CE2-403C-847E-FC361D01F0E4}"
EndProject
Project("{2150E333-8FDC-42A3-9474-1A3956D46DE8}") = "Catalog", "Catalog", "{FDAB8020-B72B-4180-BDF3-9807C6D4B0E6}"
EndProject
Project("{2150E333-8FDC-42A3-9474-1A3956D46DE8}") = "Basket", "Basket", "{A66A135C-F62B-407B-AEAB-E7E63D509914}"
EndProject
Project("{9A19103F-16F7-4668-BE54-9A1E7A4F7556}") = "Basket.API", "Services\Basket\Basket.API\Basket.API.csproj", "{42DF5488-0AE4-446A-9848-77E5E09908AB}"
EndProject
Project("{2150E333-8FDC-42A3-9474-1A3956D46DE8}") = "Manifests", "Manifests", "{8336A25B-07F3-4B84-9E3D-7F6C9BCC1A74}"
EndProject
Global
	GlobalSection(SolutionConfigurationPlatforms) = preSolution
		Debug|Any CPU = Debug|Any CPU
		Release|Any CPU = Release|Any CPU
	EndGlobalSection
	GlobalSection(ProjectConfigurationPlatforms) = postSolution
		{84237322-283C-4237-8149-057DAF5E4A7B}.Debug|Any CPU.ActiveCfg = Debug|Any CPU
		{84237322-283C-4237-8149-057DAF5E4A7B}.Debug|Any CPU.Build.0 = Debug|Any CPU
		{84237322-283C-4237-8149-057DAF5E4A7B}.Release|Any CPU.ActiveCfg = Release|Any CPU
		{84237322-283C-4237-8149-057DAF5E4A7B}.Release|Any CPU.Build.0 = Release|Any CPU
		{76DA1607-C76E-4D81-8F68-E8DB331F55BC}.Debug|Any CPU.ActiveCfg = Debug|Any CPU
		{76DA1607-C76E-4D81-8F68-E8DB331F55BC}.Debug|Any CPU.Build.0 = Debug|Any CPU
		{76DA1607-C76E-4D81-8F68-E8DB331F55BC}.Release|Any CPU.ActiveCfg = Release|Any CPU
		{76DA1607-C76E-4D81-8F68-E8DB331F55BC}.Release|Any CPU.Build.0 = Release|Any CPU
		{9C2EA0E5-0CE2-403C-847E-FC361D01F0E4}.Debug|Any CPU.ActiveCfg = Debug|Any CPU
		{9C2EA0E5-0CE2-403C-847E-FC361D01F0E4}.Debug|Any CPU.Build.0 = Debug|Any CPU
		{9C2EA0E5-0CE2-403C-847E-FC361D01F0E4}.Release|Any CPU.ActiveCfg = Release|Any CPU
		{9C2EA0E5-0CE2-403C-847E-FC361D01F0E4}.Release|Any CPU.Build.0 = Release|Any CPU
		{42DF5488-0AE4-446A-9848-77E5E09908AB}.Debug|Any CPU.ActiveCfg = Debug|Any CPU
		{42DF5488-0AE4-446A-9848-77E5E09908AB}.Debug|Any CPU.Build.0 = Debug|Any CPU
		{42DF5488-0AE4-446A-9848-77E5E09908AB}.Release|Any CPU.ActiveCfg = Release|Any CPU
		{42DF5488-0AE4-446A-9848-77E5E09908AB}.Release|Any CPU.Build.0 = Release|Any CPU
	EndGlobalSection
	GlobalSection(SolutionProperties) = preSolution
		HideSolutionNode = FALSE
	EndGlobalSection
	GlobalSection(NestedProjects) = preSolution
		{BDA4245A-ADF7-494A-AC36-DADB3C31308A} = {ACF1A1DE-C59C-413E-BDC1-8D188416BC6F}
		{84237322-283C-4237-8149-057DAF5E4A7B} = {BDA4245A-ADF7-494A-AC36-DADB3C31308A}
		{76DA1607-C76E-4D81-8F68-E8DB331F55BC} = {FC6E6F96-A422-47B1-9577-083059C8FDE2}
		{9C2EA0E5-0CE2-403C-847E-FC361D01F0E4} = {FDAB8020-B72B-4180-BDF3-9807C6D4B0E6}
		{FDAB8020-B72B-4180-BDF3-9807C6D4B0E6} = {A2636EE0-E2C4-4943-B612-A95DBBF8237A}
		{A66A135C-F62B-407B-AEAB-E7E63D509914} = {ACF1A1DE-C59C-413E-BDC1-8D188416BC6F}
		{42DF5488-0AE4-446A-9848-77E5E09908AB} = {A66A135C-F62B-407B-AEAB-E7E63D509914}
	EndGlobalSection
	GlobalSection(ExtensibilityGlobals) = postSolution
		SolutionGuid = {C0FC0506-5DF2-44B6-AE45-2894E15EF628}
	EndGlobalSection
EndGlobal
